// !$*UTF8*$!
{
	archiveVersion = 1;
	classes = {
	};
	objectVersion = 48;
	objects = {

/* Begin PBXBuildFile section */
		B63907B42020DE1500BF33F9 /* AppDelegate.swift in Sources */ = {isa = PBXBuildFile; fileRef = B63907B32020DE1500BF33F9 /* AppDelegate.swift */; };
		B63907B62020DE1600BF33F9 /* ViewController.swift in Sources */ = {isa = PBXBuildFile; fileRef = B63907B52020DE1600BF33F9 /* ViewController.swift */; };
		B63907B92020DE1600BF33F9 /* Main.storyboard in Resources */ = {isa = PBXBuildFile; fileRef = B63907B72020DE1600BF33F9 /* Main.storyboard */; };
		B63907BC2020DE1600BF33F9 /* BELTBEAST.xcdatamodeld in Sources */ = {isa = PBXBuildFile; fileRef = B63907BA2020DE1600BF33F9 /* BELTBEAST.xcdatamodeld */; };
		B63907BE2020DE1600BF33F9 /* Assets.xcassets in Resources */ = {isa = PBXBuildFile; fileRef = B63907BD2020DE1600BF33F9 /* Assets.xcassets */; };
		B63907C12020DE1600BF33F9 /* LaunchScreen.storyboard in Resources */ = {isa = PBXBuildFile; fileRef = B63907BF2020DE1600BF33F9 /* LaunchScreen.storyboard */; };
/* End PBXBuildFile section */

/* Begin PBXFileReference section */
		B63907B02020DE1500BF33F9 /* BELTBEAST.app */ = {isa = PBXFileReference; explicitFileType = wrapper.application; includeInIndex = 0; path = BELTBEAST.app; sourceTree = BUILT_PRODUCTS_DIR; };
		B63907B32020DE1500BF33F9 /* AppDelegate.swift */ = {isa = PBXFileReference; lastKnownFileType = sourcecode.swift; path = AppDelegate.swift; sourceTree = "<group>"; };
		B63907B52020DE1600BF33F9 /* ViewController.swift */ = {isa = PBXFileReference; lastKnownFileType = sourcecode.swift; path = ViewController.swift; sourceTree = "<group>"; };
		B63907B82020DE1600BF33F9 /* Base */ = {isa = PBXFileReference; lastKnownFileType = file.storyboard; name = Base; path = Base.lproj/Main.storyboard; sourceTree = "<group>"; };
		B63907BB2020DE1600BF33F9 /* BELTBEAST.xcdatamodel */ = {isa = PBXFileReference; lastKnownFileType = wrapper.xcdatamodel; path = BELTBEAST.xcdatamodel; sourceTree = "<group>"; };
		B63907BD2020DE1600BF33F9 /* Assets.xcassets */ = {isa = PBXFileReference; lastKnownFileType = folder.assetcatalog; path = Assets.xcassets; sourceTree = "<group>"; };
		B63907C02020DE1600BF33F9 /* Base */ = {isa = PBXFileReference; lastKnownFileType = file.storyboard; name = Base; path = Base.lproj/LaunchScreen.storyboard; sourceTree = "<group>"; };
		B63907C22020DE1600BF33F9 /* Info.plist */ = {isa = PBXFileReference; lastKnownFileType = text.plist.xml; path = Info.plist; sourceTree = "<group>"; };
/* End PBXFileReference section */

/* Begin PBXFrameworksBuildPhase section */
		B63907AD2020DE1500BF33F9 /* Frameworks */ = {
			isa = PBXFrameworksBuildPhase;
			buildActionMask = 2147483647;
			files = (
			);
			runOnlyForDeploymentPostprocessing = 0;
		};
/* End PBXFrameworksBuildPhase section */

/* Begin PBXGroup section */
		B63907A72020DE1500BF33F9 = {
			isa = PBXGroup;
			children = (
				B63907B22020DE1500BF33F9 /* BELTBEAST */,
				B63907B12020DE1500BF33F9 /* Products */,
			);
			sourceTree = "<group>";
		};
		B63907B12020DE1500BF33F9 /* Products */ = {
			isa = PBXGroup;
			children = (
				B63907B02020DE1500BF33F9 /* BELTBEAST.app */,
			);
			name = Products;
			sourceTree = "<group>";
		};
		B63907B22020DE1500BF33F9 /* BELTBEAST */ = {
			isa = PBXGroup;
			children = (
				B63907B32020DE1500BF33F9 /* AppDelegate.swift */,
				B63907B52020DE1600BF33F9 /* ViewController.swift */,
				B63907B72020DE1600BF33F9 /* Main.storyboard */,
				B63907BD2020DE1600BF33F9 /* Assets.xcassets */,
				B63907BF2020DE1600BF33F9 /* LaunchScreen.storyboard */,
				B63907C22020DE1600BF33F9 /* Info.plist */,
				B63907BA2020DE1600BF33F9 /* BELTBEAST.xcdatamodeld */,
			);
			path = BELTBEAST;
			sourceTree = "<group>";
		};
/* End PBXGroup section */

/* Begin PBXNativeTarget section */
		B63907AF2020DE1500BF33F9 /* BELTBEAST */ = {
			isa = PBXNativeTarget;
			buildConfigurationList = B63907C52020DE1600BF33F9 /* Build configuration list for PBXNativeTarget "BELTBEAST" */;
			buildPhases = (
				B63907AC2020DE1500BF33F9 /* Sources */,
				B63907AD2020DE1500BF33F9 /* Frameworks */,
				B63907AE2020DE1500BF33F9 /* Resources */,
			);
			buildRules = (
			);
			dependencies = (
			);
			name = BELTBEAST;
			productName = BELTBEAST;
			productReference = B63907B02020DE1500BF33F9 /* BELTBEAST.app */;
			productType = "com.apple.product-type.application";
		};
/* End PBXNativeTarget section */

/* Begin PBXProject section */
		B63907A82020DE1500BF33F9 /* Project object */ = {
			isa = PBXProject;
			attributes = {
				LastSwiftUpdateCheck = 0920;
				LastUpgradeCheck = 0920;
				ORGANIZATIONNAME = "Liam He";
				TargetAttributes = {
					B63907AF2020DE1500BF33F9 = {
						CreatedOnToolsVersion = 9.2;
						ProvisioningStyle = Automatic;
					};
				};
			};
			buildConfigurationList = B63907AB2020DE1500BF33F9 /* Build configuration list for PBXProject "BELTBEAST" */;
			compatibilityVersion = "Xcode 8.0";
			developmentRegion = en;
			hasScannedForEncodings = 0;
			knownRegions = (
				en,
				Base,
			);
			mainGroup = B63907A72020DE1500BF33F9;
			productRefGroup = B63907B12020DE1500BF33F9 /* Products */;
			projectDirPath = "";
			projectRoot = "";
			targets = (
				B63907AF2020DE1500BF33F9 /* BELTBEAST */,
			);
		};
/* End PBXProject section */

/* Begin PBXResourcesBuildPhase section */
		B63907AE2020DE1500BF33F9 /* Resources */ = {
			isa = PBXResourcesBuildPhase;
			buildActionMask = 2147483647;
			files = (
				B63907C12020DE1600BF33F9 /* LaunchScreen.storyboard in Resources */,
				B63907BE2020DE1600BF33F9 /* Assets.xcassets in Resources */,
				B63907B92020DE1600BF33F9 /* Main.storyboard in Resources */,
			);
			runOnlyForDeploymentPostprocessing = 0;
		};
/* End PBXResourcesBuildPhase section */

/* Begin PBXSourcesBuildPhase section */
		B63907AC2020DE1500BF33F9 /* Sources */ = {
			isa = PBXSourcesBuildPhase;
			buildActionMask = 2147483647;
			files = (
				B63907B62020DE1600BF33F9 /* ViewController.swift in Sources */,
				B63907BC2020DE1600BF33F9 /* BELTBEAST.xcdatamodeld in Sources */,
				B63907B42020DE1500BF33F9 /* AppDelegate.swift in Sources */,
			);
			runOnlyForDeploymentPostprocessing = 0;
		};
/* End PBXSourcesBuildPhase section */

/* Begin PBXVariantGroup section */
		B63907B72020DE1600BF33F9 /* Main.storyboard */ = {
			isa = PBXVariantGroup;
			children = (
				B63907B82020DE1600BF33F9 /* Base */,
			);
			name = Main.storyboard;
			sourceTree = "<group>";
		};
		B63907BF2020DE1600BF33F9 /* LaunchScreen.storyboard */ = {
			isa = PBXVariantGroup;
			children = (
				B63907C02020DE1600BF33F9 /* Base */,
			);
			name = LaunchScreen.storyboard;
			sourceTree = "<group>";
		};
/* End PBXVariantGroup section */

/* Begin XCBuildConfiguration section */
		B63907C32020DE1600BF33F9 /* Debug */ = {
			isa = XCBuildConfiguration;
			buildSettings = {
				ALWAYS_SEARCH_USER_PATHS = NO;
				CLANG_ANALYZER_NONNULL = YES;
				CLANG_ANALYZER_NUMBER_OBJECT_CONVERSION = YES_AGGRESSIVE;
				CLANG_CXX_LANGUAGE_STANDARD = "gnu++14";
				CLANG_CXX_LIBRARY = "libc++";
				CLANG_ENABLE_MODULES = YES;
				CLANG_ENABLE_OBJC_ARC = YES;
				CLANG_WARN_BLOCK_CAPTURE_AUTORELEASING = YES;
				CLANG_WARN_BOOL_CONVERSION = YES;
				CLANG_WARN_COMMA = YES;
				CLANG_WARN_CONSTANT_CONVERSION = YES;
				CLANG_WARN_DIRECT_OBJC_ISA_USAGE = YES_ERROR;
				CLANG_WARN_DOCUMENTATION_COMMENTS = YES;
				CLANG_WARN_EMPTY_BODY = YES;
				CLANG_WARN_ENUM_CONVERSION = YES;
				CLANG_WARN_INFINITE_RECURSION = YES;
				CLANG_WARN_INT_CONVERSION = YES;
				CLANG_WARN_NON_LITERAL_NULL_CONVERSION = YES;
				CLANG_WARN_OBJC_LITERAL_CONVERSION = YES;
				CLANG_WARN_OBJC_ROOT_CLASS = YES_ERROR;
				CLANG_WARN_RANGE_LOOP_ANALYSIS = YES;
				CLANG_WARN_STRICT_PROTOTYPES = YES;
				CLANG_WARN_SUSPICIOUS_MOVE = YES;
				CLANG_WARN_UNGUARDED_AVAILABILITY = YES_AGGRESSIVE;
				CLANG_WARN_UNREACHABLE_CODE = YES;
				CLANG_WARN__DUPLICATE_METHOD_MATCH = YES;
				CODE_SIGN_IDENTITY = "iPhone Developer";
				COPY_PHASE_STRIP = NO;
				DEBUG_INFORMATION_FORMAT = dwarf;
				ENABLE_STRICT_OBJC_MSGSEND = YES;
				ENABLE_TESTABILITY = YES;
				GCC_C_LANGUAGE_STANDARD = gnu11;
				GCC_DYNAMIC_NO_PIC = NO;
				GCC_NO_COMMON_BLOCKS = YES;
				GCC_OPTIMIZATION_LEVEL = 0;
				GCC_PREPROCESSOR_DEFINITIONS = (
					"DEBUG=1",
					"$(inherited)",
				);
				GCC_WARN_64_TO_32_BIT_CONVERSION = YES;
				GCC_WARN_ABOUT_RETURN_TYPE = YES_ERROR;
				GCC_WARN_UNDECLARED_SELECTOR = YES;
				GCC_WARN_UNINITIALIZED_AUTOS = YES_AGGRESSIVE;
				GCC_WARN_UNUSED_FUNCTION = YES;
				GCC_WARN_UNUSED_VARIABLE = YES;
				IPHONEOS_DEPLOYMENT_TARGET = 11.2;
				MTL_ENABLE_DEBUG_INFO = YES;
				ONLY_ACTIVE_ARCH = YES;
				SDKROOT = iphoneos;
				SWIFT_ACTIVE_COMPILATION_CONDITIONS = DEBUG;
				SWIFT_OPTIMIZATION_LEVEL = "-Onone";
			};
			name = Debug;
		};
		B63907C42020DE1600BF33F9 /* Release */ = {
			isa = XCBuildConfiguration;
			buildSettings = {
				ALWAYS_SEARCH_USER_PATHS = NO;
				CLANG_ANALYZER_NONNULL = YES;
				CLANG_ANALYZER_NUMBER_OBJECT_CONVERSION = YES_AGGRESSIVE;
				CLANG_CXX_LANGUAGE_STANDARD = "gnu++14";
				CLANG_CXX_LIBRARY = "libc++";
				CLANG_ENABLE_MODULES = YES;
				CLANG_ENABLE_OBJC_ARC = YES;
				CLANG_WARN_BLOCK_CAPTURE_AUTORELEASING = YES;
				CLANG_WARN_BOOL_CONVERSION = YES;
				CLANG_WARN_COMMA = YES;
				CLANG_WARN_CONSTANT_CONVERSION = YES;
				CLANG_WARN_DIRECT_OBJC_ISA_USAGE = YES_ERROR;
				CLANG_WARN_DOCUMENTATION_COMMENTS = YES;
				CLANG_WARN_EMPTY_BODY = YES;
				CLANG_WARN_ENUM_CONVERSION = YES;
				CLANG_WARN_INFINITE_RECURSION = YES;
				CLANG_WARN_INT_CONVERSION = YES;
				CLANG_WARN_NON_LITERAL_NULL_CONVERSION = YES;
				CLANG_WARN_OBJC_LITERAL_CONVERSION = YES;
				CLANG_WARN_OBJC_ROOT_CLASS = YES_ERROR;
				CLANG_WARN_RANGE_LOOP_ANALYSIS = YES;
				CLANG_WARN_STRICT_PROTOTYPES = YES;
				CLANG_WARN_SUSPICIOUS_MOVE = YES;
				CLANG_WARN_UNGUARDED_AVAILABILITY = YES_AGGRESSIVE;
				CLANG_WARN_UNREACHABLE_CODE = YES;
				CLANG_WARN__DUPLICATE_METHOD_MATCH = YES;
				CODE_SIGN_IDENTITY = "iPhone Developer";
				COPY_PHASE_STRIP = NO;
				DEBUG_INFORMATION_FORMAT = "dwarf-with-dsym";
				ENABLE_NS_ASSERTIONS = NO;
				ENABLE_STRICT_OBJC_MSGSEND = YES;
				GCC_C_LANGUAGE_STANDARD = gnu11;
				GCC_NO_COMMON_BLOCKS = YES;
				GCC_WARN_64_TO_32_BIT_CONVERSION = YES;
				GCC_WARN_ABOUT_RETURN_TYPE = YES_ERROR;
				GCC_WARN_UNDECLARED_SELECTOR = YES;
				GCC_WARN_UNINITIALIZED_AUTOS = YES_AGGRESSIVE;
				GCC_WARN_UNUSED_FUNCTION = YES;
				GCC_WARN_UNUSED_VARIABLE = YES;
				IPHONEOS_DEPLOYMENT_TARGET = 11.2;
				MTL_ENABLE_DEBUG_INFO = NO;
				SDKROOT = iphoneos;
				SWIFT_OPTIMIZATION_LEVEL = "-Owholemodule";
				VALIDATE_PRODUCT = YES;
			};
			name = Release;
		};
		B63907C62020DE1600BF33F9 /* Debug */ = {
			isa = XCBuildConfiguration;
			buildSettings = {
				ASSETCATALOG_COMPILER_APPICON_NAME = AppIcon;
				CODE_SIGN_STYLE = Automatic;
				INFOPLIST_FILE = BELTBEAST/Info.plist;
				LD_RUNPATH_SEARCH_PATHS = "$(inherited) @executable_path/Frameworks";
				PRODUCT_BUNDLE_IDENTIFIER = com.liam.BELTBEAST;
				PRODUCT_NAME = "$(TARGET_NAME)";
				SWIFT_VERSION = 4.0;
				TARGETED_DEVICE_FAMILY = "1,2";
			};
			name = Debug;
		};
		B63907C72020DE1600BF33F9 /* Release */ = {
			isa = XCBuildConfiguration;
			buildSettings = {
				ASSETCATALOG_COMPILER_APPICON_NAME = AppIcon;
				CODE_SIGN_STYLE = Automatic;
				INFOPLIST_FILE = BELTBEAST/Info.plist;
				LD_RUNPATH_SEARCH_PATHS = "$(inherited) @executable_path/Frameworks";
				PRODUCT_BUNDLE_IDENTIFIER = com.liam.BELTBEAST;
				PRODUCT_NAME = "$(TARGET_NAME)";
				SWIFT_VERSION = 4.0;
				TARGETED_DEVICE_FAMILY = "1,2";
			};
			name = Release;
		};
/* End XCBuildConfiguration section */

/* Begin XCConfigurationList section */
		B63907AB2020DE1500BF33F9 /* Build configuration list for PBXProject "BELTBEAST" */ = {
			isa = XCConfigurationList;
			buildConfigurations = (
				B63907C32020DE1600BF33F9 /* Debug */,
				B63907C42020DE1600BF33F9 /* Release */,
			);
			defaultConfigurationIsVisible = 0;
			defaultConfigurationName = Release;
		};
		B63907C52020DE1600BF33F9 /* Build configuration list for PBXNativeTarget "BELTBEAST" */ = {
			isa = XCConfigurationList;
			buildConfigurations = (
				B63907C62020DE1600BF33F9 /* Debug */,
				B63907C72020DE1600BF33F9 /* Release */,
			);
			defaultConfigurationIsVisible = 0;
			defaultConfigurationName = Release;
		};
/* End XCConfigurationList section */

/* Begin XCVersionGroup section */
		B63907BA2020DE1600BF33F9 /* BELTBEAST.xcdatamodeld */ = {
			isa = XCVersionGroup;
			children = (
				B63907BB2020DE1600BF33F9 /* BELTBEAST.xcdatamodel */,
			);
			currentVersion = B63907BB2020DE1600BF33F9 /* BELTBEAST.xcdatamodel */;
			path = BELTBEAST.xcdatamodeld;
			sourceTree = "<group>";
			versionGroupType = wrapper.xcdatamodel;
		};
/* End XCVersionGroup section */
	};
	rootObject = B63907A82020DE1500BF33F9 /* Project object */;
}
